
Microsoft Visual Studio Solution File, Format Version 12.00
# Visual Studio Version 17
VisualStudioVersion = 17.14.36310.24 d17.14
MinimumVisualStudioVersion = 10.0.40219.1
Project("{FAE04EC0-301F-11D3-BF4B-00C04F79EFBC}") = "AIDataGen", "AIDataGen.csproj", "{6A6BB857-F102-4370-B832-057C6A788FA5}"
EndProject
Project("{FAE04EC0-301F-11D3-BF4B-00C04F79EFBC}") = "TestAIGenConsoleApp", "..\TestAIGenConsoleApp\TestAIGenConsoleApp.csproj", "{6859F9CD-BA1B-49D6-940F-8AE576616CC9}"
EndProject
Global
	GlobalSection(SolutionConfigurationPlatforms) = preSolution
		Debug|Any CPU = Debug|Any CPU
		Release|Any CPU = Release|Any CPU
	EndGlobalSection
	GlobalSection(ProjectConfigurationPlatforms) = postSolution
		{6A6BB857-F102-4370-B832-057C6A788FA5}.Debug|Any CPU.ActiveCfg = Debug|Any CPU
		{6A6BB857-F102-4370-B832-057C6A788FA5}.Debug|Any CPU.Build.0 = Debug|Any CPU
		{6A6BB857-F102-4370-B832-057C6A788FA5}.Release|Any CPU.ActiveCfg = Release|Any CPU
		{6A6BB857-F102-4370-B832-057C6A788FA5}.Release|Any CPU.Build.0 = Release|Any CPU
		{6859F9CD-BA1B-49D6-940F-8AE576616CC9}.Debug|Any CPU.ActiveCfg = Debug|Any CPU
		{6859F9CD-BA1B-49D6-940F-8AE576616CC9}.Debug|Any CPU.Build.0 = Debug|Any CPU
		{6859F9CD-BA1B-49D6-940F-8AE576616CC9}.Release|Any CPU.ActiveCfg = Release|Any CPU
		{6859F9CD-BA1B-49D6-940F-8AE576616CC9}.Release|Any CPU.Build.0 = Release|Any CPU
	EndGlobalSection
	GlobalSection(SolutionProperties) = preSolution
		HideSolutionNode = FALSE
	EndGlobalSection
	GlobalSection(ExtensibilityGlobals) = postSolution
		SolutionGuid = {EC88B3C1-39CA-4744-9544-2DCE40EECAEA}
	EndGlobalSection
EndGlobal
